
Microsoft Visual Studio Solution File, Format Version 12.00
# Visual Studio Version 17
VisualStudioVersion = 17.14.36429.23 d17.14
MinimumVisualStudioVersion = 10.0.40219.1
Project("{FAE04EC0-301F-11D3-BF4B-00C04F79EFBC}") = "BookShelf.Api", "BookShelf.Api\BookShelf.Api.csproj", "{A2993C05-CF4A-47D6-B2AE-BB30A16D9ABD}"
EndProject
Global
	GlobalSection(SolutionConfigurationPlatforms) = preSolution
		Debug|Any CPU = Debug|Any CPU
		Release|Any CPU = Release|Any CPU
	EndGlobalSection
	GlobalSection(ProjectConfigurationPlatforms) = postSolution
		{A2993C05-CF4A-47D6-B2AE-BB30A16D9ABD}.Debug|Any CPU.ActiveCfg = Debug|Any CPU
		{A2993C05-CF4A-47D6-B2AE-BB30A16D9ABD}.Debug|Any CPU.Build.0 = Debug|Any CPU
		{A2993C05-CF4A-47D6-B2AE-BB30A16D9ABD}.Release|Any CPU.ActiveCfg = Release|Any CPU
		{A2993C05-CF4A-47D6-B2AE-BB30A16D9ABD}.Release|Any CPU.Build.0 = Release|Any CPU
	EndGlobalSection
	GlobalSection(SolutionProperties) = preSolution
		HideSolutionNode = FALSE
	EndGlobalSection
	GlobalSection(ExtensibilityGlobals) = postSolution
		SolutionGuid = {159B50FB-85C8-4403-9440-031DC59E4A08}
	EndGlobalSection
EndGlobal
